
Microsoft Visual Studio Solution File, Format Version 12.00
# Visual Studio Version 17
VisualStudioVersion = 17.2.32526.322
MinimumVisualStudioVersion = 10.0.40219.1
Project("{FAE04EC0-301F-11D3-BF4B-00C04F79EFBC}") = "SD-300-W22SD-Assignment", "SD-300-W22SD-Assignment\SD-300-W22SD-Assignment.csproj", "{03ADA3F7-595F-41EF-AC0E-C9CC13458B72}"
EndProject
Global
	GlobalSection(SolutionConfigurationPlatforms) = preSolution
		Debug|Any CPU = Debug|Any CPU
		Release|Any CPU = Release|Any CPU
	EndGlobalSection
	GlobalSection(ProjectConfigurationPlatforms) = postSolution
		{03ADA3F7-595F-41EF-AC0E-C9CC13458B72}.Debug|Any CPU.ActiveCfg = Debug|Any CPU
		{03ADA3F7-595F-41EF-AC0E-C9CC13458B72}.Debug|Any CPU.Build.0 = Debug|Any CPU
		{03ADA3F7-595F-41EF-AC0E-C9CC13458B72}.Release|Any CPU.ActiveCfg = Release|Any CPU
		{03ADA3F7-595F-41EF-AC0E-C9CC13458B72}.Release|Any CPU.Build.0 = Release|Any CPU
	EndGlobalSection
	GlobalSection(SolutionProperties) = preSolution
		HideSolutionNode = FALSE
	EndGlobalSection
	GlobalSection(ExtensibilityGlobals) = postSolution
		SolutionGuid = {356DFD1C-1CA7-46F2-841B-10A896AFA2D0}
	EndGlobalSection
EndGlobal
